
Microsoft Visual Studio Solution File, Format Version 12.00
# Visual Studio Version 17
VisualStudioVersion = 17.11.35201.85
MinimumVisualStudioVersion = 10.0.40219.1
Project("{FAE04EC0-301F-11D3-BF4B-00C04F79EFBC}") = "WebApplication7", "WebApplication7\WebApplication7.csproj", "{6A8E032F-021C-4D3D-BCFA-B90DCD03E5F0}"
EndProject
Global
	GlobalSection(SolutionConfigurationPlatforms) = preSolution
		Debug|Any CPU = Debug|Any CPU
		Release|Any CPU = Release|Any CPU
	EndGlobalSection
	GlobalSection(ProjectConfigurationPlatforms) = postSolution
		{6A8E032F-021C-4D3D-BCFA-B90DCD03E5F0}.Debug|Any CPU.ActiveCfg = Debug|Any CPU
		{6A8E032F-021C-4D3D-BCFA-B90DCD03E5F0}.Debug|Any CPU.Build.0 = Debug|Any CPU
		{6A8E032F-021C-4D3D-BCFA-B90DCD03E5F0}.Release|Any CPU.ActiveCfg = Release|Any CPU
		{6A8E032F-021C-4D3D-BCFA-B90DCD03E5F0}.Release|Any CPU.Build.0 = Release|Any CPU
	EndGlobalSection
	GlobalSection(SolutionProperties) = preSolution
		HideSolutionNode = FALSE
	EndGlobalSection
	GlobalSection(ExtensibilityGlobals) = postSolution
		SolutionGuid = {4A48C084-B122-4BFE-8E47-48DEBAD3377E}
	EndGlobalSection
EndGlobal
